
Microsoft Visual Studio Solution File, Format Version 12.00
# Visual Studio Version 16
VisualStudioVersion = 16.0.31025.194
MinimumVisualStudioVersion = 10.0.40219.1
Project("{FAE04EC0-301F-11D3-BF4B-00C04F79EFBC}") = "DoThiHaiLinh_12", "DoThiHaiLinh_12\DoThiHaiLinh_12.csproj", "{20AB9130-90CA-4219-8C52-6B2AC53CCC21}"
EndProject
Global
	GlobalSection(SolutionConfigurationPlatforms) = preSolution
		Debug|Any CPU = Debug|Any CPU
		Release|Any CPU = Release|Any CPU
	EndGlobalSection
	GlobalSection(ProjectConfigurationPlatforms) = postSolution
		{20AB9130-90CA-4219-8C52-6B2AC53CCC21}.Debug|Any CPU.ActiveCfg = Debug|Any CPU
		{20AB9130-90CA-4219-8C52-6B2AC53CCC21}.Debug|Any CPU.Build.0 = Debug|Any CPU
		{20AB9130-90CA-4219-8C52-6B2AC53CCC21}.Release|Any CPU.ActiveCfg = Release|Any CPU
		{20AB9130-90CA-4219-8C52-6B2AC53CCC21}.Release|Any CPU.Build.0 = Release|Any CPU
	EndGlobalSection
	GlobalSection(SolutionProperties) = preSolution
		HideSolutionNode = FALSE
	EndGlobalSection
	GlobalSection(ExtensibilityGlobals) = postSolution
		SolutionGuid = {328A9124-251B-4C61-88C6-1CB2C014BF60}
	EndGlobalSection
EndGlobal
